// !$*UTF8*$!
{
	archiveVersion = 1;
	classes = {
	};
	objectVersion = 50;
	objects = {

/* Begin PBXBuildFile section */
		4568B80925BB549D002837AE /* TC_Icon_Selector.h in Headers */ = {isa = PBXBuildFile; fileRef = 4568B80725BB549D002837AE /* TC_Icon_Selector.h */; settings = {ATTRIBUTES = (Public, ); }; };
		4568B81125BB5505002837AE /* ListSelector.swift in Sources */ = {isa = PBXBuildFile; fileRef = 4568B81025BB5505002837AE /* ListSelector.swift */; };
		4568B81625BB55F4002837AE /* ListIconCell.swift in Sources */ = {isa = PBXBuildFile; fileRef = 4568B81525BB55F4002837AE /* ListIconCell.swift */; };
		4568B81A25BB5653002837AE /* IconHeaderView.swift in Sources */ = {isa = PBXBuildFile; fileRef = 4568B81925BB5653002837AE /* IconHeaderView.swift */; };
		4568B84225BB5F9C002837AE /* Icon.swift in Sources */ = {isa = PBXBuildFile; fileRef = 4568B84125BB5F9C002837AE /* Icon.swift */; };
		45CF47F928F12CE30056EC75 /* ListSelectorView.swift in Sources */ = {isa = PBXBuildFile; fileRef = 45CF47F828F12CE30056EC75 /* ListSelectorView.swift */; };
/* End PBXBuildFile section */

/* Begin PBXFileReference section */
		4568B80425BB549D002837AE /* TC_Icon_Selector.framework */ = {isa = PBXFileReference; explicitFileType = wrapper.framework; includeInIndex = 0; path = TC_Icon_Selector.framework; sourceTree = BUILT_PRODUCTS_DIR; };
		4568B80725BB549D002837AE /* TC_Icon_Selector.h */ = {isa = PBXFileReference; lastKnownFileType = sourcecode.c.h; path = TC_Icon_Selector.h; sourceTree = "<group>"; };
		4568B80825BB549D002837AE /* Info.plist */ = {isa = PBXFileReference; lastKnownFileType = text.plist.xml; path = Info.plist; sourceTree = "<group>"; };
		4568B81025BB5505002837AE /* ListSelector.swift */ = {isa = PBXFileReference; lastKnownFileType = sourcecode.swift; path = ListSelector.swift; sourceTree = "<group>"; };
		4568B81525BB55F4002837AE /* ListIconCell.swift */ = {isa = PBXFileReference; lastKnownFileType = sourcecode.swift; path = ListIconCell.swift; sourceTree = "<group>"; };
		4568B81925BB5653002837AE /* IconHeaderView.swift */ = {isa = PBXFileReference; lastKnownFileType = sourcecode.swift; path = IconHeaderView.swift; sourceTree = "<group>"; };
		4568B84125BB5F9C002837AE /* Icon.swift */ = {isa = PBXFileReference; lastKnownFileType = sourcecode.swift; path = Icon.swift; sourceTree = "<group>"; };
		45CF47F828F12CE30056EC75 /* ListSelectorView.swift */ = {isa = PBXFileReference; lastKnownFileType = sourcecode.swift; path = ListSelectorView.swift; sourceTree = "<group>"; };
/* End PBXFileReference section */

/* Begin PBXFrameworksBuildPhase section */
		4568B80125BB549D002837AE /* Frameworks */ = {
			isa = PBXFrameworksBuildPhase;
			buildActionMask = 2147483647;
			files = (
			);
			runOnlyForDeploymentPostprocessing = 0;
		};
/* End PBXFrameworksBuildPhase section */

/* Begin PBXGroup section */
		4568B7FA25BB549C002837AE = {
			isa = PBXGroup;
			children = (
				4568B80625BB549D002837AE /* TC Icon Selector */,
				4568B80525BB549D002837AE /* Products */,
			);
			sourceTree = "<group>";
		};
		4568B80525BB549D002837AE /* Products */ = {
			isa = PBXGroup;
			children = (
				4568B80425BB549D002837AE /* TC_Icon_Selector.framework */,
			);
			name = Products;
			sourceTree = "<group>";
		};
		4568B80625BB549D002837AE /* TC Icon Selector */ = {
			isa = PBXGroup;
			children = (
				4568B80725BB549D002837AE /* TC_Icon_Selector.h */,
				4568B80825BB549D002837AE /* Info.plist */,
				4568B81025BB5505002837AE /* ListSelector.swift */,
				45CF47F828F12CE30056EC75 /* ListSelectorView.swift */,
				4568B84125BB5F9C002837AE /* Icon.swift */,
				4568B81525BB55F4002837AE /* ListIconCell.swift */,
				4568B81925BB5653002837AE /* IconHeaderView.swift */,
			);
			path = "TC Icon Selector";
			sourceTree = "<group>";
		};
/* End PBXGroup section */

/* Begin PBXHeadersBuildPhase section */
		4568B7FF25BB549D002837AE /* Headers */ = {
			isa = PBXHeadersBuildPhase;
			buildActionMask = 2147483647;
			files = (
				4568B80925BB549D002837AE /* TC_Icon_Selector.h in Headers */,
			);
			runOnlyForDeploymentPostprocessing = 0;
		};
/* End PBXHeadersBuildPhase section */

/* Begin PBXNativeTarget section */
		4568B80325BB549D002837AE /* TC Icon Selector */ = {
			isa = PBXNativeTarget;
			buildConfigurationList = 4568B80C25BB549D002837AE /* Build configuration list for PBXNativeTarget "TC Icon Selector" */;
			buildPhases = (
				4568B7FF25BB549D002837AE /* Headers */,
				4568B80025BB549D002837AE /* Sources */,
				4568B80125BB549D002837AE /* Frameworks */,
				4568B80225BB549D002837AE /* Resources */,
			);
			buildRules = (
			);
			dependencies = (
			);
			name = "TC Icon Selector";
			productName = "TC Icon Selector";
			productReference = 4568B80425BB549D002837AE /* TC_Icon_Selector.framework */;
			productType = "com.apple.product-type.framework";
		};
/* End PBXNativeTarget section */

/* Begin PBXProject section */
		4568B7FB25BB549C002837AE /* Project object */ = {
			isa = PBXProject;
			attributes = {
				LastUpgradeCheck = 1230;
				TargetAttributes = {
					4568B80325BB549D002837AE = {
						CreatedOnToolsVersion = 12.3;
						LastSwiftMigration = 1230;
					};
				};
			};
			buildConfigurationList = 4568B7FE25BB549C002837AE /* Build configuration list for PBXProject "TC Icon Selector" */;
			compatibilityVersion = "Xcode 9.3";
			developmentRegion = en;
			hasScannedForEncodings = 0;
			knownRegions = (
				en,
				Base,
			);
			mainGroup = 4568B7FA25BB549C002837AE;
			productRefGroup = 4568B80525BB549D002837AE /* Products */;
			projectDirPath = "";
			projectRoot = "";
			targets = (
				4568B80325BB549D002837AE /* TC Icon Selector */,
			);
		};
/* End PBXProject section */

/* Begin PBXResourcesBuildPhase section */
		4568B80225BB549D002837AE /* Resources */ = {
			isa = PBXResourcesBuildPhase;
			buildActionMask = 2147483647;
			files = (
			);
			runOnlyForDeploymentPostprocessing = 0;
		};
/* End PBXResourcesBuildPhase section */

/* Begin PBXSourcesBuildPhase section */
		4568B80025BB549D002837AE /* Sources */ = {
			isa = PBXSourcesBuildPhase;
			buildActionMask = 2147483647;
			files = (
				45CF47F928F12CE30056EC75 /* ListSelectorView.swift in Sources */,
				4568B81625BB55F4002837AE /* ListIconCell.swift in Sources */,
				4568B81A25BB5653002837AE /* IconHeaderView.swift in Sources */,
				4568B84225BB5F9C002837AE /* Icon.swift in Sources */,
				4568B81125BB5505002837AE /* ListSelector.swift in Sources */,
			);
			runOnlyForDeploymentPostprocessing = 0;
		};
/* End PBXSourcesBuildPhase section */

/* Begin XCBuildConfiguration section */
		4568B80A25BB549D002837AE /* Debug */ = {
			isa = XCBuildConfiguration;
			buildSettings = {
				ALWAYS_SEARCH_USER_PATHS = NO;
				CLANG_ANALYZER_NONNULL = YES;
				CLANG_ANALYZER_NUMBER_OBJECT_CONVERSION = YES_AGGRESSIVE;
				CLANG_CXX_LANGUAGE_STANDARD = "gnu++14";
				CLANG_CXX_LIBRARY = "libc++";
				CLANG_ENABLE_MODULES = YES;
				CLANG_ENABLE_OBJC_ARC = YES;
				CLANG_ENABLE_OBJC_WEAK = YES;
				CLANG_WARN_BLOCK_CAPTURE_AUTORELEASING = YES;
				CLANG_WARN_BOOL_CONVERSION = YES;
				CLANG_WARN_COMMA = YES;
				CLANG_WARN_CONSTANT_CONVERSION = YES;
				CLANG_WARN_DEPRECATED_OBJC_IMPLEMENTATIONS = YES;
				CLANG_WARN_DIRECT_OBJC_ISA_USAGE = YES_ERROR;
				CLANG_WARN_DOCUMENTATION_COMMENTS = YES;
				CLANG_WARN_EMPTY_BODY = YES;
				CLANG_WARN_ENUM_CONVERSION = YES;
				CLANG_WARN_INFINITE_RECURSION = YES;
				CLANG_WARN_INT_CONVERSION = YES;
				CLANG_WARN_NON_LITERAL_NULL_CONVERSION = YES;
				CLANG_WARN_OBJC_IMPLICIT_RETAIN_SELF = YES;
				CLANG_WARN_OBJC_LITERAL_CONVERSION = YES;
				CLANG_WARN_OBJC_ROOT_CLASS = YES_ERROR;
				CLANG_WARN_QUOTED_INCLUDE_IN_FRAMEWORK_HEADER = YES;
				CLANG_WARN_RANGE_LOOP_ANALYSIS = YES;
				CLANG_WARN_STRICT_PROTOTYPES = YES;
				CLANG_WARN_SUSPICIOUS_MOVE = YES;
				CLANG_WARN_UNGUARDED_AVAILABILITY = YES_AGGRESSIVE;
				CLANG_WARN_UNREACHABLE_CODE = YES;
				CLANG_WARN__DUPLICATE_METHOD_MATCH = YES;
				COPY_PHASE_STRIP = NO;
				CURRENT_PROJECT_VERSION = 1;
				DEBUG_INFORMATION_FORMAT = dwarf;
				ENABLE_STRICT_OBJC_MSGSEND = YES;
				ENABLE_TESTABILITY = YES;
				GCC_C_LANGUAGE_STANDARD = gnu11;
				GCC_DYNAMIC_NO_PIC = NO;
				GCC_NO_COMMON_BLOCKS = YES;
				GCC_OPTIMIZATION_LEVEL = 0;
				GCC_PREPROCESSOR_DEFINITIONS = (
					"DEBUG=1",
					"$(inherited)",
				);
				GCC_WARN_64_TO_32_BIT_CONVERSION = YES;
				GCC_WARN_ABOUT_RETURN_TYPE = YES_ERROR;
				GCC_WARN_UNDECLARED_SELECTOR = YES;
				GCC_WARN_UNINITIALIZED_AUTOS = YES_AGGRESSIVE;
				GCC_WARN_UNUSED_FUNCTION = YES;
				GCC_WARN_UNUSED_VARIABLE = YES;
				IPHONEOS_DEPLOYMENT_TARGET = 14.3;
				MTL_ENABLE_DEBUG_INFO = INCLUDE_SOURCE;
				MTL_FAST_MATH = YES;
				ONLY_ACTIVE_ARCH = YES;
				SDKROOT = iphoneos;
				SWIFT_ACTIVE_COMPILATION_CONDITIONS = DEBUG;
				SWIFT_OPTIMIZATION_LEVEL = "-Onone";
				VERSIONING_SYSTEM = "apple-generic";
				VERSION_INFO_PREFIX = "";
			};
			name = Debug;
		};
		4568B80B25BB549D002837AE /* Release */ = {
			isa = XCBuildConfiguration;
			buildSettings = {
				ALWAYS_SEARCH_USER_PATHS = NO;
				CLANG_ANALYZER_NONNULL = YES;
				CLANG_ANALYZER_NUMBER_OBJECT_CONVERSION = YES_AGGRESSIVE;
				CLANG_CXX_LANGUAGE_STANDARD = "gnu++14";
				CLANG_CXX_LIBRARY = "libc++";
				CLANG_ENABLE_MODULES = YES;
				CLANG_ENABLE_OBJC_ARC = YES;
				CLANG_ENABLE_OBJC_WEAK = YES;
				CLANG_WARN_BLOCK_CAPTURE_AUTORELEASING = YES;
				CLANG_WARN_BOOL_CONVERSION = YES;
				CLANG_WARN_COMMA = YES;
				CLANG_WARN_CONSTANT_CONVERSION = YES;
				CLANG_WARN_DEPRECATED_OBJC_IMPLEMENTATIONS = YES;
				CLANG_WARN_DIRECT_OBJC_ISA_USAGE = YES_ERROR;
				CLANG_WARN_DOCUMENTATION_COMMENTS = YES;
				CLANG_WARN_EMPTY_BODY = YES;
				CLANG_WARN_ENUM_CONVERSION = YES;
				CLANG_WARN_INFINITE_RECURSION = YES;
				CLANG_WARN_INT_CONVERSION = YES;
				CLANG_WARN_NON_LITERAL_NULL_CONVERSION = YES;
				CLANG_WARN_OBJC_IMPLICIT_RETAIN_SELF = YES;
				CLANG_WARN_OBJC_LITERAL_CONVERSION = YES;
				CLANG_WARN_OBJC_ROOT_CLASS = YES_ERROR;
				CLANG_WARN_QUOTED_INCLUDE_IN_FRAMEWORK_HEADER = YES;
				CLANG_WARN_RANGE_LOOP_ANALYSIS = YES;
				CLANG_WARN_STRICT_PROTOTYPES = YES;
				CLANG_WARN_SUSPICIOUS_MOVE = YES;
				CLANG_WARN_UNGUARDED_AVAILABILITY = YES_AGGRESSIVE;
				CLANG_WARN_UNREACHABLE_CODE = YES;
				CLANG_WARN__DUPLICATE_METHOD_MATCH = YES;
				COPY_PHASE_STRIP = NO;
				CURRENT_PROJECT_VERSION = 1;
				DEBUG_INFORMATION_FORMAT = "dwarf-with-dsym";
				ENABLE_NS_ASSERTIONS = NO;
				ENABLE_STRICT_OBJC_MSGSEND = YES;
				GCC_C_LANGUAGE_STANDARD = gnu11;
				GCC_NO_COMMON_BLOCKS = YES;
				GCC_WARN_64_TO_32_BIT_CONVERSION = YES;
				GCC_WARN_ABOUT_RETURN_TYPE = YES_ERROR;
				GCC_WARN_UNDECLARED_SELECTOR = YES;
				GCC_WARN_UNINITIALIZED_AUTOS = YES_AGGRESSIVE;
				GCC_WARN_UNUSED_FUNCTION = YES;
				GCC_WARN_UNUSED_VARIABLE = YES;
				IPHONEOS_DEPLOYMENT_TARGET = 14.3;
				MTL_ENABLE_DEBUG_INFO = NO;
				MTL_FAST_MATH = YES;
				SDKROOT = iphoneos;
				SWIFT_COMPILATION_MODE = wholemodule;
				SWIFT_OPTIMIZATION_LEVEL = "-O";
				VALIDATE_PRODUCT = YES;
				VERSIONING_SYSTEM = "apple-generic";
				VERSION_INFO_PREFIX = "";
			};
			name = Release;
		};
		4568B80D25BB549D002837AE /* Debug */ = {
			isa = XCBuildConfiguration;
			buildSettings = {
				CLANG_ENABLE_MODULES = YES;
				CODE_SIGN_STYLE = Automatic;
				DEFINES_MODULE = YES;
				DEVELOPMENT_TEAM = HJXYY5247H;
				DYLIB_COMPATIBILITY_VERSION = 1;
				DYLIB_CURRENT_VERSION = 1;
				DYLIB_INSTALL_NAME_BASE = "@rpath";
				INFOPLIST_FILE = "TC Icon Selector/Info.plist";
				INSTALL_PATH = "$(LOCAL_LIBRARY_DIR)/Frameworks";
				IPHONEOS_DEPLOYMENT_TARGET = 13.0;
				LD_RUNPATH_SEARCH_PATHS = (
					"$(inherited)",
					"@executable_path/Frameworks",
					"@loader_path/Frameworks",
				);
				PRODUCT_BUNDLE_IDENTIFIER = "com.tadreik.TC-Icon-Selector";
				PRODUCT_NAME = "$(TARGET_NAME:c99extidentifier)";
				SKIP_INSTALL = YES;
				SWIFT_OPTIMIZATION_LEVEL = "-Onone";
				SWIFT_VERSION = 5.0;
				TARGETED_DEVICE_FAMILY = "1,2";
			};
			name = Debug;
		};
		4568B80E25BB549D002837AE /* Release */ = {
			isa = XCBuildConfiguration;
			buildSettings = {
				CLANG_ENABLE_MODULES = YES;
				CODE_SIGN_STYLE = Automatic;
				DEFINES_MODULE = YES;
				DEVELOPMENT_TEAM = HJXYY5247H;
				DYLIB_COMPATIBILITY_VERSION = 1;
				DYLIB_CURRENT_VERSION = 1;
				DYLIB_INSTALL_NAME_BASE = "@rpath";
				INFOPLIST_FILE = "TC Icon Selector/Info.plist";
				INSTALL_PATH = "$(LOCAL_LIBRARY_DIR)/Frameworks";
				IPHONEOS_DEPLOYMENT_TARGET = 13.0;
				LD_RUNPATH_SEARCH_PATHS = (
					"$(inherited)",
					"@executable_path/Frameworks",
					"@loader_path/Frameworks",
				);
				PRODUCT_BUNDLE_IDENTIFIER = "com.tadreik.TC-Icon-Selector";
				PRODUCT_NAME = "$(TARGET_NAME:c99extidentifier)";
				SKIP_INSTALL = YES;
				SWIFT_VERSION = 5.0;
				TARGETED_DEVICE_FAMILY = "1,2";
			};
			name = Release;
		};
/* End XCBuildConfiguration section */

/* Begin XCConfigurationList section */
		4568B7FE25BB549C002837AE /* Build configuration list for PBXProject "TC Icon Selector" */ = {
			isa = XCConfigurationList;
			buildConfigurations = (
				4568B80A25BB549D002837AE /* Debug */,
				4568B80B25BB549D002837AE /* Release */,
			);
			defaultConfigurationIsVisible = 0;
			defaultConfigurationName = Release;
		};
		4568B80C25BB549D002837AE /* Build configuration list for PBXNativeTarget "TC Icon Selector" */ = {
			isa = XCConfigurationList;
			buildConfigurations = (
				4568B80D25BB549D002837AE /* Debug */,
				4568B80E25BB549D002837AE /* Release */,
			);
			defaultConfigurationIsVisible = 0;
			defaultConfigurationName = Release;
		};
/* End XCConfigurationList section */
	};
	rootObject = 4568B7FB25BB549C002837AE /* Project object */;
}
